<?xml version="1.0" encoding="utf-8"?>
<Project ToolsVersion="4.0" xmlns="http://schemas.microsoft.com/developer/msbuild/2003">
  <ItemGroup>
    <ClCompile Include="source\main.cpp">
      <Filter>Source Files</Filter>
    </ClCompile>
    <ClCompile Include="source\CollisionEngine.cpp">
      <Filter>Source Files\Engine</Filter>
    </ClCompile>
    <ClCompile Include="source\Engine.cpp">
      <Filter>Source Files\Engine</Filter>
    </ClCompile>
    <ClCompile Include="source\FontCache.cpp">
      <Filter>Source Files\Engine</Filter>
    </ClCompile>
    <ClCompile Include="source\GameTexture.cpp">
      <Filter>Source Files\Engine</Filter>
    </ClCompile>
    <ClCompile Include="source\ImageCache.cpp">
      <Filter>Source Files\Engine</Filter>
    </ClCompile>
    <ClCompile Include="source\MediaCache.cpp">
      <Filter>Source Files\Engine</Filter>
    </ClCompile>
    <ClCompile Include="source\StateMachine.cpp">
      <Filter>Source Files\Engine</Filter>
    </ClCompile>
    <ClCompile Include="source\TextCache.cpp">
      <Filter>Source Files\Engine</Filter>
    </ClCompile>
    <ClCompile Include="source\Difficulty.cpp">
      <Filter>Source Files\State</Filter>
    </ClCompile>
    <ClCompile Include="source\GameOver.cpp">
      <Filter>Source Files\State</Filter>
    </ClCompile>
    <ClCompile Include="source\HighScore.cpp">
      <Filter>Source Files\State</Filter>
    </ClCompile>
    <ClCompile Include="source\Level.cpp">
      <Filter>Source Files\State</Filter>
    </ClCompile>
    <ClCompile Include="source\Title.cpp">
      <Filter>Source Files\State</Filter>
    </ClCompile>
    <ClCompile Include="source\Board.cpp">
      <Filter>Source Files\Entity</Filter>
    </ClCompile>
    <ClCompile Include="source\Square.cpp">
      <Filter>Source Files\Entity</Filter>
    </ClCompile>
  </ItemGroup>
  <ItemGroup>
    <ClInclude Include="include\CollisionEngine.h">
      <Filter>Header Files\Engine</Filter>
    </ClInclude>
    <ClInclude Include="include\Engine.h">
      <Filter>Header Files\Engine</Filter>
    </ClInclude>
    <ClInclude Include="include\FontCache.h">
      <Filter>Header Files\Engine</Filter>
    </ClInclude>
    <ClInclude Include="include\GameTexture.h">
      <Filter>Header Files\Engine</Filter>
    </ClInclude>
    <ClInclude Include="include\ImageCache.h">
      <Filter>Header Files\Engine</Filter>
    </ClInclude>
    <ClInclude Include="include\MediaCache.h">
      <Filter>Header Files\Engine</Filter>
    </ClInclude>
    <ClInclude Include="include\StateMachine.h">
      <Filter>Header Files\Engine</Filter>
    </ClInclude>
    <ClInclude Include="include\TextCache.h">
      <Filter>Header Files\Engine</Filter>
    </ClInclude>
    <ClInclude Include="include\Util.h">
      <Filter>Header Files\Engine</Filter>
    </ClInclude>
    <ClInclude Include="include\Difficulty.h">
      <Filter>Header Files\State</Filter>
    </ClInclude>
    <ClInclude Include="include\GameOver.h">
      <Filter>Header Files\State</Filter>
    </ClInclude>
    <ClInclude Include="include\HighScore.h">
      <Filter>Header Files\State</Filter>
    </ClInclude>
    <ClInclude Include="include\Level.h">
      <Filter>Header Files\State</Filter>
    </ClInclude>
    <ClInclude Include="include\State.h">
      <Filter>Header Files\State</Filter>
    </ClInclude>
    <ClInclude Include="include\Board.h">
      <Filter>Header Files\Entity</Filter>
    </ClInclude>
    <ClInclude Include="include\Square.h">
      <Filter>Header Files\Entity</Filter>
    </ClInclude>
    <ClInclude Include="include\Title.h">
      <Filter>Header Files\State</Filter>
    </ClInclude>
  </ItemGroup>
  <ItemGroup>
    <Filter Include="Header Files">
      <UniqueIdentifier>{7e4e5467-8c2a-4430-b497-8dc0fc14b355}</UniqueIdentifier>
    </Filter>
    <Filter Include="Source Files">
      <UniqueIdentifier>{0add2c38-4fde-4ec8-956a-376eab89fd38}</UniqueIdentifier>
    </Filter>
    <Filter Include="Header Files\Engine">
      <UniqueIdentifier>{04fd611c-fe4f-4476-a9ce-4ff719b93f48}</UniqueIdentifier>
    </Filter>
    <Filter Include="Header Files\State">
      <UniqueIdentifier>{fd7e2fcb-bebe-41f7-898a-e9921c3fff05}</UniqueIdentifier>
    </Filter>
    <Filter Include="Header Files\Entity">
      <UniqueIdentifier>{9c9ddb82-3cbe-4723-b738-8bd9968d4fd0}</UniqueIdentifier>
    </Filter>
    <Filter Include="Source Files\Engine">
      <UniqueIdentifier>{daf637db-be8d-42ef-b2c3-81dc194ff622}</UniqueIdentifier>
    </Filter>
    <Filter Include="Source Files\State">
      <UniqueIdentifier>{1bd0460b-2100-4552-b9d8-0374e995858c}</UniqueIdentifier>
    </Filter>
    <Filter Include="Source Files\Entity">
      <UniqueIdentifier>{93deac59-d396-4194-92f3-ad6fd75b78aa}</UniqueIdentifier>
    </Filter>
  </ItemGroup>
</Project>